
Microsoft Visual Studio Solution File, Format Version 12.00
# Visual Studio Version 17
VisualStudioVersion = 17.6.33829.357
MinimumVisualStudioVersion = 10.0.40219.1
Project("{FAE04EC0-301F-11D3-BF4B-00C04F79EFBC}") = "idadeCalculator", "idadeCalculator.csproj", "{57B85187-E148-4ABC-BEED-DCEFBE4919FD}"
EndProject
Project("{2150E333-8FDC-42A3-9474-1A3956D46DE8}") = "Itens de Solução", "Itens de Solução", "{B0BCBEEA-2D1B-409B-900A-F85EC3831799}"
	ProjectSection(SolutionItems) = preProject
		Pessoa.cs = Pessoa.cs
	EndProjectSection
EndProject
Global
	GlobalSection(SolutionConfigurationPlatforms) = preSolution
		Debug|Any CPU = Debug|Any CPU
		Release|Any CPU = Release|Any CPU
	EndGlobalSection
	GlobalSection(ProjectConfigurationPlatforms) = postSolution
		{57B85187-E148-4ABC-BEED-DCEFBE4919FD}.Debug|Any CPU.ActiveCfg = Debug|Any CPU
		{57B85187-E148-4ABC-BEED-DCEFBE4919FD}.Debug|Any CPU.Build.0 = Debug|Any CPU
		{57B85187-E148-4ABC-BEED-DCEFBE4919FD}.Release|Any CPU.ActiveCfg = Release|Any CPU
		{57B85187-E148-4ABC-BEED-DCEFBE4919FD}.Release|Any CPU.Build.0 = Release|Any CPU
	EndGlobalSection
	GlobalSection(SolutionProperties) = preSolution
		HideSolutionNode = FALSE
	EndGlobalSection
	GlobalSection(ExtensibilityGlobals) = postSolution
		SolutionGuid = {856AC4CA-C466-4A23-B88B-8556BEE12C54}
	EndGlobalSection
EndGlobal
